{
  "nodes": {
    "dpdk-cvms-src": {
      "flake": false,
      "locked": {
        "lastModified": 1774123713,
        "narHash": "sha256-WIrUZNlLt6eAR1itgjOi1DZgskW+ndXTLMcWS0cVjls=",
        "owner": "TUM-DSE",
        "repo": "dpdk-cvms",
        "rev": "064ff097be4782f57f2adf7776ca333a63e1b8db",
        "type": "github"
      },
      "original": {
        "owner": "TUM-DSE",
        "ref": "wallet-vfio-snp",
        "repo": "dpdk-cvms",
        "type": "github"
      }
    },
    "f-stack": {
      "flake": false,
      "locked": {
        "lastModified": 1781149368,
        "narHash": "sha256-SdLJqawRXt44O77y5XAKns0ApNM1D5hix4xF6vi9Qm0=",
        "owner": "F-Stack",
        "repo": "f-stack",
        "rev": "c1a76b0ba36c53269913cd805d83a536cd8f64bc",
        "type": "github"
      },
      "original": {
        "owner": "F-Stack",
        "repo": "f-stack",
        "rev": "c1a76b0ba36c53269913cd805d83a536cd8f64bc",
        "type": "github"
      }
    },
    "fstack-iperf-bad-src": {
      "flake": false,
      "locked": {
        "lastModified": 1725039587,
        "narHash": "sha256-/fBlKDJHJBAUlR/ttHJYQ4zHm82cRPqlY+mOFzpIZk8=",
        "owner": "heatheart3",
        "repo": "Fstack-iperf",
        "rev": "7679199ec99c5db194c554b7b11066d347891735",
        "type": "github"
      },
      "original": {
        "owner": "heatheart3",
        "repo": "Fstack-iperf",
        "rev": "7679199ec99c5db194c554b7b11066d347891735",
        "type": "github"
      }
    },
    "iperf-fstack-src": {
      "flake": false,
      "locked": {
        "lastModified": 1654295091,
        "narHash": "sha256-Gu6ufBBJxITlmcuh8Tk2eb79XUvyrCGnyii8lcKiZvs=",
        "owner": "guhaoyu2005",
        "repo": "iperf_fstack",
        "rev": "6cdcde886fa1400dd367c1da54da13ab4f4c5ea7",
        "type": "github"
      },
      "original": {
        "owner": "guhaoyu2005",
        "repo": "iperf_fstack",
        "rev": "6cdcde886fa1400dd367c1da54da13ab4f4c5ea7",
        "type": "github"
      }
    },
    "nixpkgs": {
      "locked": {
        "lastModified": 1778940495,
        "narHash": "sha256-73HPm+mxHcFLyKjpZKgHQ/CIDXHCFl7h7A5oRq0YqMc=",
        "owner": "NixOS",
        "repo": "nixpkgs",
        "rev": "ce56a0cf964598eaecc6fbd573b83c3c041823e8",
        "type": "github"
      },
      "original": {
        "owner": "NixOS",
        "repo": "nixpkgs",
        "rev": "ce56a0cf964598eaecc6fbd573b83c3c041823e8",
        "type": "github"
      }
    },
    "root": {
      "inputs": {
        "dpdk-cvms-src": "dpdk-cvms-src",
        "f-stack": "f-stack",
        "fstack-iperf-bad-src": "fstack-iperf-bad-src",
        "iperf-fstack-src": "iperf-fstack-src",
        "nixpkgs": "nixpkgs"
      }
    }
  },
  "root": "root",
  "version": 7
}
