{
  "nodes": {
    "f-stack": {
      "flake": false,
      "locked": {
        "dirtyRev": "c1a76b0ba36c53269913cd805d83a536cd8f64bc-dirty",
        "dirtyShortRev": "c1a76b0-dirty",
        "lastModified": 1781149368,
        "narHash": "sha256-6JAM8v2EkSFrHIrwOx6ovrRQ61AIi5Z8in15oh3Leaw=",
        "type": "git",
        "url": "file:///home/okelmann/fstack-development/f-stack"
      },
      "original": {
        "type": "git",
        "url": "file:///home/okelmann/fstack-development/f-stack"
      }
    },
    "fstack-iperf-src": {
      "flake": false,
      "locked": {
        "lastModified": 1725039587,
        "narHash": "sha256-/fBlKDJHJBAUlR/ttHJYQ4zHm82cRPqlY+mOFzpIZk8=",
        "ref": "refs/heads/master",
        "rev": "7679199ec99c5db194c554b7b11066d347891735",
        "revCount": 1488,
        "type": "git",
        "url": "file:///home/okelmann/fstack-development/Fstack-iperf"
      },
      "original": {
        "type": "git",
        "url": "file:///home/okelmann/fstack-development/Fstack-iperf"
      }
    },
    "iperf-fstack-src": {
      "flake": false,
      "locked": {
        "lastModified": 1654295091,
        "narHash": "sha256-Gu6ufBBJxITlmcuh8Tk2eb79XUvyrCGnyii8lcKiZvs=",
        "ref": "refs/heads/master",
        "rev": "6cdcde886fa1400dd367c1da54da13ab4f4c5ea7",
        "revCount": 1271,
        "type": "git",
        "url": "file:///home/okelmann/fstack-development/iperf_fstack"
      },
      "original": {
        "type": "git",
        "url": "file:///home/okelmann/fstack-development/iperf_fstack"
      }
    },
    "nixpkgs": {
      "locked": {
        "lastModified": 1778940495,
        "narHash": "sha256-73HPm+mxHcFLyKjpZKgHQ/CIDXHCFl7h7A5oRq0YqMc=",
        "owner": "NixOS",
        "repo": "nixpkgs",
        "rev": "ce56a0cf964598eaecc6fbd573b83c3c041823e8",
        "type": "github"
      },
      "original": {
        "owner": "NixOS",
        "repo": "nixpkgs",
        "rev": "ce56a0cf964598eaecc6fbd573b83c3c041823e8",
        "type": "github"
      }
    },
    "root": {
      "inputs": {
        "f-stack": "f-stack",
        "fstack-iperf-src": "fstack-iperf-src",
        "iperf-fstack-src": "iperf-fstack-src",
        "nixpkgs": "nixpkgs"
      }
    }
  },
  "root": "root",
  "version": 7
}
